// !$*UTF8*$!
{
	archiveVersion = 1;
	classes = {
	};
	objectVersion = 46;
	objects = {

/* Begin PBXBuildFile section */
		A12269C01B0DAC2600CE0992 /* PluralViewController.swift in Sources */ = {isa = PBXBuildFile; fileRef = A12269BF1B0DAC2600CE0992 /* PluralViewController.swift */; };
		A12269C41B0DAD7900CE0992 /* AddressViewController.m in Sources */ = {isa = PBXBuildFile; fileRef = A12269C31B0DAD7900CE0992 /* AddressViewController.m */; };
		A12269C71B0DB16300CE0992 /* Localizable.stringsdict in Resources */ = {isa = PBXBuildFile; fileRef = A12269C51B0DB16300CE0992 /* Localizable.stringsdict */; };
		A14846AF1B0489750037BFAD /* AppDelegate.swift in Sources */ = {isa = PBXBuildFile; fileRef = A14846AE1B0489750037BFAD /* AppDelegate.swift */; };
		A14846B11B0489750037BFAD /* DateTimeViewController.swift in Sources */ = {isa = PBXBuildFile; fileRef = A14846B01B0489750037BFAD /* DateTimeViewController.swift */; };
		A14846B31B0489750037BFAD /* NumberViewController.swift in Sources */ = {isa = PBXBuildFile; fileRef = A14846B21B0489750037BFAD /* NumberViewController.swift */; };
		A14846B81B0489750037BFAD /* Images.xcassets in Resources */ = {isa = PBXBuildFile; fileRef = A14846B71B0489750037BFAD /* Images.xcassets */; };
		A14846C71B0489750037BFAD /* LocaleExplorerTests.swift in Sources */ = {isa = PBXBuildFile; fileRef = A14846C61B0489750037BFAD /* LocaleExplorerTests.swift */; };
		A14846D11B048D520037BFAD /* Main.storyboard in Resources */ = {isa = PBXBuildFile; fileRef = A14846D01B048D520037BFAD /* Main.storyboard */; };
		A14846D31B048D690037BFAD /* LaunchScreen.xib in Resources */ = {isa = PBXBuildFile; fileRef = A14846D21B048D690037BFAD /* LaunchScreen.xib */; };
		A14846D81B048E140037BFAD /* Localizable.strings in Resources */ = {isa = PBXBuildFile; fileRef = A14846D61B048E140037BFAD /* Localizable.strings */; };
		A14846DD1B0490550037BFAD /* LocaleViewController.swift in Sources */ = {isa = PBXBuildFile; fileRef = A14846DC1B0490550037BFAD /* LocaleViewController.swift */; };
		A14846DF1B04A8AD0037BFAD /* HealthKitViewController.swift in Sources */ = {isa = PBXBuildFile; fileRef = A14846DE1B04A8AD0037BFAD /* HealthKitViewController.swift */; };
/* End PBXBuildFile section */

/* Begin PBXContainerItemProxy section */
		A14846C11B0489750037BFAD /* PBXContainerItemProxy */ = {
			isa = PBXContainerItemProxy;
			containerPortal = A14846A11B0489750037BFAD /* Project object */;
			proxyType = 1;
			remoteGlobalIDString = A14846A81B0489750037BFAD;
			remoteInfo = LocaleExplorer;
		};
/* End PBXContainerItemProxy section */

/* Begin PBXFileReference section */
		A12269BF1B0DAC2600CE0992 /* PluralViewController.swift */ = {isa = PBXFileReference; fileEncoding = 4; lastKnownFileType = sourcecode.swift; name = PluralViewController.swift; path = controllers/PluralViewController.swift; sourceTree = "<group>"; };
		A12269C11B0DAD7900CE0992 /* LocaleExplorer-Bridging-Header.h */ = {isa = PBXFileReference; lastKnownFileType = sourcecode.c.h; path = "LocaleExplorer-Bridging-Header.h"; sourceTree = "<group>"; };
		A12269C21B0DAD7900CE0992 /* AddressViewController.h */ = {isa = PBXFileReference; fileEncoding = 4; lastKnownFileType = sourcecode.c.h; name = AddressViewController.h; path = controllers/AddressViewController.h; sourceTree = "<group>"; };
		A12269C31B0DAD7900CE0992 /* AddressViewController.m */ = {isa = PBXFileReference; fileEncoding = 4; lastKnownFileType = sourcecode.c.objc; name = AddressViewController.m; path = controllers/AddressViewController.m; sourceTree = "<group>"; };
		A12269C61B0DB16300CE0992 /* en */ = {isa = PBXFileReference; lastKnownFileType = text.xml; name = en; path = resources/languages/en.lproj/Localizable.stringsdict; sourceTree = "<group>"; };
		A12269C81B0DB16D00CE0992 /* fr */ = {isa = PBXFileReference; lastKnownFileType = text.xml; name = fr; path = resources/languages/fr.lproj/Localizable.stringsdict; sourceTree = "<group>"; };
		A12269C91B0DB16F00CE0992 /* ru */ = {isa = PBXFileReference; lastKnownFileType = text.xml; name = ru; path = resources/languages/ru.lproj/Localizable.stringsdict; sourceTree = "<group>"; };
		A12269CA1B0DB17200CE0992 /* zh-Hant */ = {isa = PBXFileReference; lastKnownFileType = text.xml; name = "zh-Hant"; path = "resources/languages/zh-Hant.lproj/Localizable.stringsdict"; sourceTree = "<group>"; };
		A14846A91B0489750037BFAD /* LocaleExplorer.app */ = {isa = PBXFileReference; explicitFileType = wrapper.application; includeInIndex = 0; path = LocaleExplorer.app; sourceTree = BUILT_PRODUCTS_DIR; };
		A14846AD1B0489750037BFAD /* Info.plist */ = {isa = PBXFileReference; lastKnownFileType = text.plist.xml; path = Info.plist; sourceTree = "<group>"; };
		A14846AE1B0489750037BFAD /* AppDelegate.swift */ = {isa = PBXFileReference; lastKnownFileType = sourcecode.swift; path = AppDelegate.swift; sourceTree = "<group>"; };
		A14846B01B0489750037BFAD /* DateTimeViewController.swift */ = {isa = PBXFileReference; lastKnownFileType = sourcecode.swift; name = DateTimeViewController.swift; path = controllers/DateTimeViewController.swift; sourceTree = "<group>"; };
		A14846B21B0489750037BFAD /* NumberViewController.swift */ = {isa = PBXFileReference; lastKnownFileType = sourcecode.swift; name = NumberViewController.swift; path = controllers/NumberViewController.swift; sourceTree = "<group>"; };
		A14846B71B0489750037BFAD /* Images.xcassets */ = {isa = PBXFileReference; lastKnownFileType = folder.assetcatalog; name = Images.xcassets; path = resources/Images.xcassets; sourceTree = "<group>"; };
		A14846C01B0489750037BFAD /* LocaleExplorerTests.xctest */ = {isa = PBXFileReference; explicitFileType = wrapper.cfbundle; includeInIndex = 0; path = LocaleExplorerTests.xctest; sourceTree = BUILT_PRODUCTS_DIR; };
		A14846C51B0489750037BFAD /* Info.plist */ = {isa = PBXFileReference; lastKnownFileType = text.plist.xml; path = Info.plist; sourceTree = "<group>"; };
		A14846C61B0489750037BFAD /* LocaleExplorerTests.swift */ = {isa = PBXFileReference; lastKnownFileType = sourcecode.swift; path = LocaleExplorerTests.swift; sourceTree = "<group>"; };
		A14846D01B048D520037BFAD /* Main.storyboard */ = {isa = PBXFileReference; fileEncoding = 4; lastKnownFileType = file.storyboard; name = Main.storyboard; path = resources/UI/Main.storyboard; sourceTree = "<group>"; };
		A14846D21B048D690037BFAD /* LaunchScreen.xib */ = {isa = PBXFileReference; fileEncoding = 4; lastKnownFileType = file.xib; name = LaunchScreen.xib; path = resources/UI/LaunchScreen.xib; sourceTree = "<group>"; };
		A14846D71B048E140037BFAD /* en */ = {isa = PBXFileReference; lastKnownFileType = text.plist.strings; name = en; path = resources/languages/en.lproj/Localizable.strings; sourceTree = "<group>"; };
		A14846D91B048E1F0037BFAD /* fr */ = {isa = PBXFileReference; lastKnownFileType = text.plist.strings; name = fr; path = resources/languages/fr.lproj/Localizable.strings; sourceTree = "<group>"; };
		A14846DA1B048E270037BFAD /* ru */ = {isa = PBXFileReference; lastKnownFileType = text.plist.strings; name = ru; path = resources/languages/ru.lproj/Localizable.strings; sourceTree = "<group>"; };
		A14846DB1B048E2D0037BFAD /* zh-Hant */ = {isa = PBXFileReference; lastKnownFileType = text.plist.strings; name = "zh-Hant"; path = "resources/languages/zh-Hant.lproj/Localizable.strings"; sourceTree = "<group>"; };
		A14846DC1B0490550037BFAD /* LocaleViewController.swift */ = {isa = PBXFileReference; fileEncoding = 4; lastKnownFileType = sourcecode.swift; name = LocaleViewController.swift; path = controllers/LocaleViewController.swift; sourceTree = "<group>"; };
		A14846DE1B04A8AD0037BFAD /* HealthKitViewController.swift */ = {isa = PBXFileReference; fileEncoding = 4; lastKnownFileType = sourcecode.swift; name = HealthKitViewController.swift; path = controllers/HealthKitViewController.swift; sourceTree = "<group>"; };
/* End PBXFileReference section */

/* Begin PBXFrameworksBuildPhase section */
		A14846A61B0489750037BFAD /* Frameworks */ = {
			isa = PBXFrameworksBuildPhase;
			buildActionMask = 2147483647;
			files = (
			);
			runOnlyForDeploymentPostprocessing = 0;
		};
		A14846BD1B0489750037BFAD /* Frameworks */ = {
			isa = PBXFrameworksBuildPhase;
			buildActionMask = 2147483647;
			files = (
			);
			runOnlyForDeploymentPostprocessing = 0;
		};
/* End PBXFrameworksBuildPhase section */

/* Begin PBXGroup section */
		A14846A01B0489750037BFAD = {
			isa = PBXGroup;
			children = (
				A14846AB1B0489750037BFAD /* LocaleExplorer */,
				A14846C31B0489750037BFAD /* LocaleExplorerTests */,
				A14846AA1B0489750037BFAD /* Products */,
			);
			sourceTree = "<group>";
		};
		A14846AA1B0489750037BFAD /* Products */ = {
			isa = PBXGroup;
			children = (
				A14846A91B0489750037BFAD /* LocaleExplorer.app */,
				A14846C01B0489750037BFAD /* LocaleExplorerTests.xctest */,
			);
			name = Products;
			sourceTree = "<group>";
		};
		A14846AB1B0489750037BFAD /* LocaleExplorer */ = {
			isa = PBXGroup;
			children = (
				A14846AE1B0489750037BFAD /* AppDelegate.swift */,
				A12269C11B0DAD7900CE0992 /* LocaleExplorer-Bridging-Header.h */,
				A14846D41B048DDB0037BFAD /* controllers */,
				A14846D51B048DEA0037BFAD /* resources */,
				A14846AC1B0489750037BFAD /* Supporting Files */,
			);
			path = LocaleExplorer;
			sourceTree = "<group>";
		};
		A14846AC1B0489750037BFAD /* Supporting Files */ = {
			isa = PBXGroup;
			children = (
				A14846AD1B0489750037BFAD /* Info.plist */,
			);
			name = "Supporting Files";
			sourceTree = "<group>";
		};
		A14846C31B0489750037BFAD /* LocaleExplorerTests */ = {
			isa = PBXGroup;
			children = (
				A14846C61B0489750037BFAD /* LocaleExplorerTests.swift */,
				A14846C41B0489750037BFAD /* Supporting Files */,
			);
			path = LocaleExplorerTests;
			sourceTree = "<group>";
		};
		A14846C41B0489750037BFAD /* Supporting Files */ = {
			isa = PBXGroup;
			children = (
				A14846C51B0489750037BFAD /* Info.plist */,
			);
			name = "Supporting Files";
			sourceTree = "<group>";
		};
		A14846D41B048DDB0037BFAD /* controllers */ = {
			isa = PBXGroup;
			children = (
				A12269C21B0DAD7900CE0992 /* AddressViewController.h */,
				A12269C31B0DAD7900CE0992 /* AddressViewController.m */,
				A14846B01B0489750037BFAD /* DateTimeViewController.swift */,
				A14846DE1B04A8AD0037BFAD /* HealthKitViewController.swift */,
				A14846DC1B0490550037BFAD /* LocaleViewController.swift */,
				A14846B21B0489750037BFAD /* NumberViewController.swift */,
				A12269BF1B0DAC2600CE0992 /* PluralViewController.swift */,
			);
			name = controllers;
			sourceTree = "<group>";
		};
		A14846D51B048DEA0037BFAD /* resources */ = {
			isa = PBXGroup;
			children = (
				A14846B71B0489750037BFAD /* Images.xcassets */,
				A14846D21B048D690037BFAD /* LaunchScreen.xib */,
				A14846D61B048E140037BFAD /* Localizable.strings */,
				A12269C51B0DB16300CE0992 /* Localizable.stringsdict */,
				A14846D01B048D520037BFAD /* Main.storyboard */,
			);
			name = resources;
			sourceTree = "<group>";
		};
/* End PBXGroup section */

/* Begin PBXNativeTarget section */
		A14846A81B0489750037BFAD /* LocaleExplorer */ = {
			isa = PBXNativeTarget;
			buildConfigurationList = A14846CA1B0489750037BFAD /* Build configuration list for PBXNativeTarget "LocaleExplorer" */;
			buildPhases = (
				A14846A51B0489750037BFAD /* Sources */,
				A14846A61B0489750037BFAD /* Frameworks */,
				A14846A71B0489750037BFAD /* Resources */,
			);
			buildRules = (
			);
			dependencies = (
			);
			name = LocaleExplorer;
			productName = LocaleExplorer;
			productReference = A14846A91B0489750037BFAD /* LocaleExplorer.app */;
			productType = "com.apple.product-type.application";
		};
		A14846BF1B0489750037BFAD /* LocaleExplorerTests */ = {
			isa = PBXNativeTarget;
			buildConfigurationList = A14846CD1B0489750037BFAD /* Build configuration list for PBXNativeTarget "LocaleExplorerTests" */;
			buildPhases = (
				A14846BC1B0489750037BFAD /* Sources */,
				A14846BD1B0489750037BFAD /* Frameworks */,
				A14846BE1B0489750037BFAD /* Resources */,
			);
			buildRules = (
			);
			dependencies = (
				A14846C21B0489750037BFAD /* PBXTargetDependency */,
			);
			name = LocaleExplorerTests;
			productName = LocaleExplorerTests;
			productReference = A14846C01B0489750037BFAD /* LocaleExplorerTests.xctest */;
			productType = "com.apple.product-type.bundle.unit-test";
		};
/* End PBXNativeTarget section */

/* Begin PBXProject section */
		A14846A11B0489750037BFAD /* Project object */ = {
			isa = PBXProject;
			attributes = {
				LastUpgradeCheck = 0630;
				ORGANIZATIONNAME = Globalization;
				TargetAttributes = {
					A14846A81B0489750037BFAD = {
						CreatedOnToolsVersion = 6.3.1;
					};
					A14846BF1B0489750037BFAD = {
						CreatedOnToolsVersion = 6.3.1;
						TestTargetID = A14846A81B0489750037BFAD;
					};
				};
			};
			buildConfigurationList = A14846A41B0489750037BFAD /* Build configuration list for PBXProject "LocaleExplorer" */;
			compatibilityVersion = "Xcode 3.2";
			developmentRegion = English;
			hasScannedForEncodings = 0;
			knownRegions = (
				en,
				Base,
				fr,
				ru,
				"zh-Hant",
			);
			mainGroup = A14846A01B0489750037BFAD;
			productRefGroup = A14846AA1B0489750037BFAD /* Products */;
			projectDirPath = "";
			projectRoot = "";
			targets = (
				A14846A81B0489750037BFAD /* LocaleExplorer */,
				A14846BF1B0489750037BFAD /* LocaleExplorerTests */,
			);
		};
/* End PBXProject section */

/* Begin PBXResourcesBuildPhase section */
		A14846A71B0489750037BFAD /* Resources */ = {
			isa = PBXResourcesBuildPhase;
			buildActionMask = 2147483647;
			files = (
				A14846D11B048D520037BFAD /* Main.storyboard in Resources */,
				A14846D81B048E140037BFAD /* Localizable.strings in Resources */,
				A14846D31B048D690037BFAD /* LaunchScreen.xib in Resources */,
				A12269C71B0DB16300CE0992 /* Localizable.stringsdict in Resources */,
				A14846B81B0489750037BFAD /* Images.xcassets in Resources */,
			);
			runOnlyForDeploymentPostprocessing = 0;
		};
		A14846BE1B0489750037BFAD /* Resources */ = {
			isa = PBXResourcesBuildPhase;
			buildActionMask = 2147483647;
			files = (
			);
			runOnlyForDeploymentPostprocessing = 0;
		};
/* End PBXResourcesBuildPhase section */

/* Begin PBXSourcesBuildPhase section */
		A14846A51B0489750037BFAD /* Sources */ = {
			isa = PBXSourcesBuildPhase;
			buildActionMask = 2147483647;
			files = (
				A12269C01B0DAC2600CE0992 /* PluralViewController.swift in Sources */,
				A12269C41B0DAD7900CE0992 /* AddressViewController.m in Sources */,
				A14846DD1B0490550037BFAD /* LocaleViewController.swift in Sources */,
				A14846B31B0489750037BFAD /* NumberViewController.swift in Sources */,
				A14846DF1B04A8AD0037BFAD /* HealthKitViewController.swift in Sources */,
				A14846AF1B0489750037BFAD /* AppDelegate.swift in Sources */,
				A14846B11B0489750037BFAD /* DateTimeViewController.swift in Sources */,
			);
			runOnlyForDeploymentPostprocessing = 0;
		};
		A14846BC1B0489750037BFAD /* Sources */ = {
			isa = PBXSourcesBuildPhase;
			buildActionMask = 2147483647;
			files = (
				A14846C71B0489750037BFAD /* LocaleExplorerTests.swift in Sources */,
			);
			runOnlyForDeploymentPostprocessing = 0;
		};
/* End PBXSourcesBuildPhase section */

/* Begin PBXTargetDependency section */
		A14846C21B0489750037BFAD /* PBXTargetDependency */ = {
			isa = PBXTargetDependency;
			target = A14846A81B0489750037BFAD /* LocaleExplorer */;
			targetProxy = A14846C11B0489750037BFAD /* PBXContainerItemProxy */;
		};
/* End PBXTargetDependency section */

/* Begin PBXVariantGroup section */
		A12269C51B0DB16300CE0992 /* Localizable.stringsdict */ = {
			isa = PBXVariantGroup;
			children = (
				A12269C61B0DB16300CE0992 /* en */,
				A12269C81B0DB16D00CE0992 /* fr */,
				A12269C91B0DB16F00CE0992 /* ru */,
				A12269CA1B0DB17200CE0992 /* zh-Hant */,
			);
			name = Localizable.stringsdict;
			sourceTree = "<group>";
		};
		A14846D61B048E140037BFAD /* Localizable.strings */ = {
			isa = PBXVariantGroup;
			children = (
				A14846D71B048E140037BFAD /* en */,
				A14846D91B048E1F0037BFAD /* fr */,
				A14846DA1B048E270037BFAD /* ru */,
				A14846DB1B048E2D0037BFAD /* zh-Hant */,
			);
			name = Localizable.strings;
			sourceTree = "<group>";
		};
/* End PBXVariantGroup section */

/* Begin XCBuildConfiguration section */
		A14846C81B0489750037BFAD /* Debug */ = {
			isa = XCBuildConfiguration;
			buildSettings = {
				ALWAYS_SEARCH_USER_PATHS = NO;
				CLANG_CXX_LANGUAGE_STANDARD = "gnu++0x";
				CLANG_CXX_LIBRARY = "libc++";
				CLANG_ENABLE_MODULES = YES;
				CLANG_ENABLE_OBJC_ARC = YES;
				CLANG_WARN_BOOL_CONVERSION = YES;
				CLANG_WARN_CONSTANT_CONVERSION = YES;
				CLANG_WARN_DIRECT_OBJC_ISA_USAGE = YES_ERROR;
				CLANG_WARN_EMPTY_BODY = YES;
				CLANG_WARN_ENUM_CONVERSION = YES;
				CLANG_WARN_INT_CONVERSION = YES;
				CLANG_WARN_OBJC_ROOT_CLASS = YES_ERROR;
				CLANG_WARN_UNREACHABLE_CODE = YES;
				CLANG_WARN__DUPLICATE_METHOD_MATCH = YES;
				"CODE_SIGN_IDENTITY[sdk=iphoneos*]" = "iPhone Developer";
				COPY_PHASE_STRIP = NO;
				DEBUG_INFORMATION_FORMAT = "dwarf-with-dsym";
				ENABLE_STRICT_OBJC_MSGSEND = YES;
				GCC_C_LANGUAGE_STANDARD = gnu99;
				GCC_DYNAMIC_NO_PIC = NO;
				GCC_NO_COMMON_BLOCKS = YES;
				GCC_OPTIMIZATION_LEVEL = 0;
				GCC_PREPROCESSOR_DEFINITIONS = (
					"DEBUG=1",
					"$(inherited)",
				);
				GCC_SYMBOLS_PRIVATE_EXTERN = NO;
				GCC_WARN_64_TO_32_BIT_CONVERSION = YES;
				GCC_WARN_ABOUT_RETURN_TYPE = YES_ERROR;
				GCC_WARN_UNDECLARED_SELECTOR = YES;
				GCC_WARN_UNINITIALIZED_AUTOS = YES_AGGRESSIVE;
				GCC_WARN_UNUSED_FUNCTION = YES;
				GCC_WARN_UNUSED_VARIABLE = YES;
				IPHONEOS_DEPLOYMENT_TARGET = 8.3;
				MTL_ENABLE_DEBUG_INFO = YES;
				ONLY_ACTIVE_ARCH = YES;
				SDKROOT = iphoneos;
				SWIFT_OPTIMIZATION_LEVEL = "-Onone";
				TARGETED_DEVICE_FAMILY = 2;
			};
			name = Debug;
		};
		A14846C91B0489750037BFAD /* Release */ = {
			isa = XCBuildConfiguration;
			buildSettings = {
				ALWAYS_SEARCH_USER_PATHS = NO;
				CLANG_CXX_LANGUAGE_STANDARD = "gnu++0x";
				CLANG_CXX_LIBRARY = "libc++";
				CLANG_ENABLE_MODULES = YES;
				CLANG_ENABLE_OBJC_ARC = YES;
				CLANG_WARN_BOOL_CONVERSION = YES;
				CLANG_WARN_CONSTANT_CONVERSION = YES;
				CLANG_WARN_DIRECT_OBJC_ISA_USAGE = YES_ERROR;
				CLANG_WARN_EMPTY_BODY = YES;
				CLANG_WARN_ENUM_CONVERSION = YES;
				CLANG_WARN_INT_CONVERSION = YES;
				CLANG_WARN_OBJC_ROOT_CLASS = YES_ERROR;
				CLANG_WARN_UNREACHABLE_CODE = YES;
				CLANG_WARN__DUPLICATE_METHOD_MATCH = YES;
				"CODE_SIGN_IDENTITY[sdk=iphoneos*]" = "iPhone Developer";
				COPY_PHASE_STRIP = NO;
				DEBUG_INFORMATION_FORMAT = "dwarf-with-dsym";
				ENABLE_NS_ASSERTIONS = NO;
				ENABLE_STRICT_OBJC_MSGSEND = YES;
				GCC_C_LANGUAGE_STANDARD = gnu99;
				GCC_NO_COMMON_BLOCKS = YES;
				GCC_WARN_64_TO_32_BIT_CONVERSION = YES;
				GCC_WARN_ABOUT_RETURN_TYPE = YES_ERROR;
				GCC_WARN_UNDECLARED_SELECTOR = YES;
				GCC_WARN_UNINITIALIZED_AUTOS = YES_AGGRESSIVE;
				GCC_WARN_UNUSED_FUNCTION = YES;
				GCC_WARN_UNUSED_VARIABLE = YES;
				IPHONEOS_DEPLOYMENT_TARGET = 8.3;
				MTL_ENABLE_DEBUG_INFO = NO;
				SDKROOT = iphoneos;
				TARGETED_DEVICE_FAMILY = 2;
				VALIDATE_PRODUCT = YES;
			};
			name = Release;
		};
		A14846CB1B0489750037BFAD /* Debug */ = {
			isa = XCBuildConfiguration;
			buildSettings = {
				ASSETCATALOG_COMPILER_APPICON_NAME = AppIcon;
				CLANG_ENABLE_MODULES = YES;
				INFOPLIST_FILE = LocaleExplorer/Info.plist;
				LD_RUNPATH_SEARCH_PATHS = "$(inherited) @executable_path/Frameworks";
				PRODUCT_NAME = "$(TARGET_NAME)";
				SWIFT_OBJC_BRIDGING_HEADER = "LocaleExplorer/LocaleExplorer-Bridging-Header.h";
				SWIFT_OPTIMIZATION_LEVEL = "-Onone";
			};
			name = Debug;
		};
		A14846CC1B0489750037BFAD /* Release */ = {
			isa = XCBuildConfiguration;
			buildSettings = {
				ASSETCATALOG_COMPILER_APPICON_NAME = AppIcon;
				CLANG_ENABLE_MODULES = YES;
				INFOPLIST_FILE = LocaleExplorer/Info.plist;
				LD_RUNPATH_SEARCH_PATHS = "$(inherited) @executable_path/Frameworks";
				PRODUCT_NAME = "$(TARGET_NAME)";
				SWIFT_OBJC_BRIDGING_HEADER = "LocaleExplorer/LocaleExplorer-Bridging-Header.h";
			};
			name = Release;
		};
		A14846CE1B0489750037BFAD /* Debug */ = {
			isa = XCBuildConfiguration;
			buildSettings = {
				BUNDLE_LOADER = "$(TEST_HOST)";
				FRAMEWORK_SEARCH_PATHS = (
					"$(SDKROOT)/Developer/Library/Frameworks",
					"$(inherited)",
				);
				GCC_PREPROCESSOR_DEFINITIONS = (
					"DEBUG=1",
					"$(inherited)",
				);
				INFOPLIST_FILE = LocaleExplorerTests/Info.plist;
				LD_RUNPATH_SEARCH_PATHS = "$(inherited) @executable_path/Frameworks @loader_path/Frameworks";
				PRODUCT_NAME = "$(TARGET_NAME)";
				TEST_HOST = "$(BUILT_PRODUCTS_DIR)/LocaleExplorer.app/LocaleExplorer";
			};
			name = Debug;
		};
		A14846CF1B0489750037BFAD /* Release */ = {
			isa = XCBuildConfiguration;
			buildSettings = {
				BUNDLE_LOADER = "$(TEST_HOST)";
				FRAMEWORK_SEARCH_PATHS = (
					"$(SDKROOT)/Developer/Library/Frameworks",
					"$(inherited)",
				);
				INFOPLIST_FILE = LocaleExplorerTests/Info.plist;
				LD_RUNPATH_SEARCH_PATHS = "$(inherited) @executable_path/Frameworks @loader_path/Frameworks";
				PRODUCT_NAME = "$(TARGET_NAME)";
				TEST_HOST = "$(BUILT_PRODUCTS_DIR)/LocaleExplorer.app/LocaleExplorer";
			};
			name = Release;
		};
/* End XCBuildConfiguration section */

/* Begin XCConfigurationList section */
		A14846A41B0489750037BFAD /* Build configuration list for PBXProject "LocaleExplorer" */ = {
			isa = XCConfigurationList;
			buildConfigurations = (
				A14846C81B0489750037BFAD /* Debug */,
				A14846C91B0489750037BFAD /* Release */,
			);
			defaultConfigurationIsVisible = 0;
			defaultConfigurationName = Release;
		};
		A14846CA1B0489750037BFAD /* Build configuration list for PBXNativeTarget "LocaleExplorer" */ = {
			isa = XCConfigurationList;
			buildConfigurations = (
				A14846CB1B0489750037BFAD /* Debug */,
				A14846CC1B0489750037BFAD /* Release */,
			);
			defaultConfigurationIsVisible = 0;
			defaultConfigurationName = Release;
		};
		A14846CD1B0489750037BFAD /* Build configuration list for PBXNativeTarget "LocaleExplorerTests" */ = {
			isa = XCConfigurationList;
			buildConfigurations = (
				A14846CE1B0489750037BFAD /* Debug */,
				A14846CF1B0489750037BFAD /* Release */,
			);
			defaultConfigurationIsVisible = 0;
			defaultConfigurationName = Release;
		};
/* End XCConfigurationList section */
	};
	rootObject = A14846A11B0489750037BFAD /* Project object */;
}
